
Microsoft Visual Studio Solution File, Format Version 12.00
# Visual Studio 14
VisualStudioVersion = 14.0.25420.1
MinimumVisualStudioVersion = 10.0.40219.1
Project("{2150E333-8FDC-42A3-9474-1A3956D46DE8}") = "Service", "Service", "{09F2429C-8A86-49BA-8229-71B8F63A10C0}"
EndProject
Project("{2150E333-8FDC-42A3-9474-1A3956D46DE8}") = "Dev", "Dev", "{F3BC7E81-DCA6-4751-B80D-E538C3524573}"
EndProject
Project("{2150E333-8FDC-42A3-9474-1A3956D46DE8}") = "Modules", "Modules", "{040DD94F-D203-46A8-B4B9-C1B7566216E8}"
EndProject
Project("{FAE04EC0-301F-11D3-BF4B-00C04F79EFBC}") = "Common", "src\Dev\Common\Common.csproj", "{1681CDD7-0CC2-49D2-9E82-7B03B52DB283}"
EndProject
Project("{FAE04EC0-301F-11D3-BF4B-00C04F79EFBC}") = "Logger", "src\Dev\Logger\Logger.csproj", "{DC3CD3DE-1B8E-4847-B752-63352F35F1E2}"
EndProject
Project("{FAE04EC0-301F-11D3-BF4B-00C04F79EFBC}") = "UserLibInterface", "src\Dev\UserLibInterface\UserLibInterface.csproj", "{C286714C-DE6E-4643-9B56-245FB0F3A322}"
EndProject
Project("{FAE04EC0-301F-11D3-BF4B-00C04F79EFBC}") = "Utility", "src\Dev\Utility\Utility.csproj", "{35105702-E8D2-4465-A118-687B6C85C466}"
EndProject
Project("{2150E333-8FDC-42A3-9474-1A3956D46DE8}") = "test", "test", "{AA67EC51-E2E3-49A5-9DC3-C1EFC2EAB0E3}"
EndProject
Project("{2150E333-8FDC-42A3-9474-1A3956D46DE8}") = "src", "src", "{F6DA2263-AA6B-425E-8EE8-57927F36CCA5}"
EndProject
Project("{2150E333-8FDC-42A3-9474-1A3956D46DE8}") = "Dev", "Dev", "{04AEFFF7-6525-4904-A0D5-8EFB09995CDD}"
EndProject
Project("{FAE04EC0-301F-11D3-BF4B-00C04F79EFBC}") = "UtilityTest", "test\Dev\UtilityTest\UtilityTest.csproj", "{B06DD0CB-7EC4-4B09-8761-BB600B70C37C}"
EndProject
Global
	GlobalSection(SolutionConfigurationPlatforms) = preSolution
		Debug|Any CPU = Debug|Any CPU
		Release|Any CPU = Release|Any CPU
	EndGlobalSection
	GlobalSection(ProjectConfigurationPlatforms) = postSolution
		{1681CDD7-0CC2-49D2-9E82-7B03B52DB283}.Debug|Any CPU.ActiveCfg = Debug|Any CPU
		{1681CDD7-0CC2-49D2-9E82-7B03B52DB283}.Debug|Any CPU.Build.0 = Debug|Any CPU
		{1681CDD7-0CC2-49D2-9E82-7B03B52DB283}.Release|Any CPU.ActiveCfg = Release|Any CPU
		{1681CDD7-0CC2-49D2-9E82-7B03B52DB283}.Release|Any CPU.Build.0 = Release|Any CPU
		{DC3CD3DE-1B8E-4847-B752-63352F35F1E2}.Debug|Any CPU.ActiveCfg = Debug|Any CPU
		{DC3CD3DE-1B8E-4847-B752-63352F35F1E2}.Debug|Any CPU.Build.0 = Debug|Any CPU
		{DC3CD3DE-1B8E-4847-B752-63352F35F1E2}.Release|Any CPU.ActiveCfg = Release|Any CPU
		{DC3CD3DE-1B8E-4847-B752-63352F35F1E2}.Release|Any CPU.Build.0 = Release|Any CPU
		{C286714C-DE6E-4643-9B56-245FB0F3A322}.Debug|Any CPU.ActiveCfg = Debug|Any CPU
		{C286714C-DE6E-4643-9B56-245FB0F3A322}.Debug|Any CPU.Build.0 = Debug|Any CPU
		{C286714C-DE6E-4643-9B56-245FB0F3A322}.Release|Any CPU.ActiveCfg = Release|Any CPU
		{C286714C-DE6E-4643-9B56-245FB0F3A322}.Release|Any CPU.Build.0 = Release|Any CPU
		{35105702-E8D2-4465-A118-687B6C85C466}.Debug|Any CPU.ActiveCfg = Debug|Any CPU
		{35105702-E8D2-4465-A118-687B6C85C466}.Debug|Any CPU.Build.0 = Debug|Any CPU
		{35105702-E8D2-4465-A118-687B6C85C466}.Release|Any CPU.ActiveCfg = Release|Any CPU
		{35105702-E8D2-4465-A118-687B6C85C466}.Release|Any CPU.Build.0 = Release|Any CPU
		{B06DD0CB-7EC4-4B09-8761-BB600B70C37C}.Debug|Any CPU.ActiveCfg = Debug|Any CPU
		{B06DD0CB-7EC4-4B09-8761-BB600B70C37C}.Debug|Any CPU.Build.0 = Debug|Any CPU
		{B06DD0CB-7EC4-4B09-8761-BB600B70C37C}.Release|Any CPU.ActiveCfg = Release|Any CPU
		{B06DD0CB-7EC4-4B09-8761-BB600B70C37C}.Release|Any CPU.Build.0 = Release|Any CPU
	EndGlobalSection
	GlobalSection(SolutionProperties) = preSolution
		HideSolutionNode = FALSE
	EndGlobalSection
	GlobalSection(NestedProjects) = preSolution
		{09F2429C-8A86-49BA-8229-71B8F63A10C0} = {F6DA2263-AA6B-425E-8EE8-57927F36CCA5}
		{F3BC7E81-DCA6-4751-B80D-E538C3524573} = {F6DA2263-AA6B-425E-8EE8-57927F36CCA5}
		{040DD94F-D203-46A8-B4B9-C1B7566216E8} = {F6DA2263-AA6B-425E-8EE8-57927F36CCA5}
		{1681CDD7-0CC2-49D2-9E82-7B03B52DB283} = {F3BC7E81-DCA6-4751-B80D-E538C3524573}
		{DC3CD3DE-1B8E-4847-B752-63352F35F1E2} = {F3BC7E81-DCA6-4751-B80D-E538C3524573}
		{C286714C-DE6E-4643-9B56-245FB0F3A322} = {F3BC7E81-DCA6-4751-B80D-E538C3524573}
		{35105702-E8D2-4465-A118-687B6C85C466} = {F3BC7E81-DCA6-4751-B80D-E538C3524573}
		{04AEFFF7-6525-4904-A0D5-8EFB09995CDD} = {AA67EC51-E2E3-49A5-9DC3-C1EFC2EAB0E3}
		{B06DD0CB-7EC4-4B09-8761-BB600B70C37C} = {04AEFFF7-6525-4904-A0D5-8EFB09995CDD}
	EndGlobalSection
EndGlobal
