
Microsoft Visual Studio Solution File, Format Version 12.00
# Visual Studio 14
VisualStudioVersion = 14.0.25420.1
MinimumVisualStudioVersion = 10.0.40219.1
Project("{2150E333-8FDC-42A3-9474-1A3956D46DE8}") = "Services", "Services", "{09F2429C-8A86-49BA-8229-71B8F63A10C0}"
EndProject
Project("{2150E333-8FDC-42A3-9474-1A3956D46DE8}") = "Dev", "Dev", "{F3BC7E81-DCA6-4751-B80D-E538C3524573}"
EndProject
Project("{2150E333-8FDC-42A3-9474-1A3956D46DE8}") = "Modules", "Modules", "{040DD94F-D203-46A8-B4B9-C1B7566216E8}"
EndProject
Project("{FAE04EC0-301F-11D3-BF4B-00C04F79EFBC}") = "Common", "src\Dev\Common\Common.csproj", "{1681CDD7-0CC2-49D2-9E82-7B03B52DB283}"
EndProject
Project("{FAE04EC0-301F-11D3-BF4B-00C04F79EFBC}") = "Logger", "src\Dev\Logger\Logger.csproj", "{DC3CD3DE-1B8E-4847-B752-63352F35F1E2}"
EndProject
Project("{FAE04EC0-301F-11D3-BF4B-00C04F79EFBC}") = "ExtensionBase", "src\Dev\UserLibInterface\ExtensionBase.csproj", "{C286714C-DE6E-4643-9B56-245FB0F3A322}"
EndProject
Project("{FAE04EC0-301F-11D3-BF4B-00C04F79EFBC}") = "Utility", "src\Dev\Utility\Utility.csproj", "{35105702-E8D2-4465-A118-687B6C85C466}"
EndProject
Project("{2150E333-8FDC-42A3-9474-1A3956D46DE8}") = "test", "test", "{AA67EC51-E2E3-49A5-9DC3-C1EFC2EAB0E3}"
EndProject
Project("{2150E333-8FDC-42A3-9474-1A3956D46DE8}") = "src", "src", "{F6DA2263-AA6B-425E-8EE8-57927F36CCA5}"
EndProject
Project("{2150E333-8FDC-42A3-9474-1A3956D46DE8}") = "Dev", "Dev", "{04AEFFF7-6525-4904-A0D5-8EFB09995CDD}"
EndProject
Project("{FAE04EC0-301F-11D3-BF4B-00C04F79EFBC}") = "UtilityTest", "test\Dev\UtilityTest\UtilityTest.csproj", "{B06DD0CB-7EC4-4B09-8761-BB600B70C37C}"
EndProject
Project("{FAE04EC0-301F-11D3-BF4B-00C04F79EFBC}") = "SequenceManager", "src\Modules\SequenceManager\SequenceManager.csproj", "{6C461D7E-7EA4-4BF2-9168-82180132A0C9}"
EndProject
Project("{FAE04EC0-301F-11D3-BF4B-00C04F79EFBC}") = "ComInterfaceManager", "src\Modules\ComInterfaceManager\ComInterfaceManager.csproj", "{5B1A7351-8D30-49AA-8FAB-C8920A0CFDF4}"
EndProject
Project("{FAE04EC0-301F-11D3-BF4B-00C04F79EFBC}") = "ConfigurationManager", "src\Modules\ConfigurationManager\ConfigurationManager.csproj", "{14D2A5CD-47DB-4BD8-B26A-712B6416119D}"
EndProject
Project("{FAE04EC0-301F-11D3-BF4B-00C04F79EFBC}") = "DataMaintainer", "src\Modules\DataMaintainer\DataMaintainer.csproj", "{CF05B3CE-B2B5-4309-93F7-FA5E07327A25}"
EndProject
Project("{FAE04EC0-301F-11D3-BF4B-00C04F79EFBC}") = "ParameterChecker", "src\Modules\ParameterChecker\ParameterChecker.csproj", "{9E2E741A-AB7B-4CD5-8458-4CF1178E3D4C}"
EndProject
Project("{FAE04EC0-301F-11D3-BF4B-00C04F79EFBC}") = "ResultManager", "src\Modules\ResultManager\ResultManager.csproj", "{464A2F2C-4D55-4396-88BF-9FBA3DFFDD50}"
EndProject
Project("{FAE04EC0-301F-11D3-BF4B-00C04F79EFBC}") = "DesigntimeService", "src\Services\DesigntimeService\DesigntimeService.csproj", "{CBE61E80-89B1-4F10-B9E0-DC9936D0D5B1}"
EndProject
Project("{FAE04EC0-301F-11D3-BF4B-00C04F79EFBC}") = "RuntimeService", "src\Services\RuntimeService\RuntimeService.csproj", "{E5790E2F-EDE6-4B70-86C7-35A89DC9E41B}"
EndProject
Project("{FAE04EC0-301F-11D3-BF4B-00C04F79EFBC}") = "TestflowLoader", "src\TestflowLoader\TestflowLoader.csproj", "{EED9D949-AAD6-42A6-BF18-3CC1004CA442}"
EndProject
Project("{FAE04EC0-301F-11D3-BF4B-00C04F79EFBC}") = "CommonTest", "test\Dev\CommonTest\CommonTest.csproj", "{37A0901D-7AA4-462C-ADC8-137C90294A66}"
EndProject
Project("{2150E333-8FDC-42A3-9474-1A3956D46DE8}") = "Modules", "Modules", "{C102BAFB-95F5-4460-89B5-088FCB9728CC}"
EndProject
Project("{FAE04EC0-301F-11D3-BF4B-00C04F79EFBC}") = "LoggerTest", "test\Dev\LoggerTest\LoggerTest.csproj", "{7B130C31-C263-44B2-940C-4B397DCC51E4}"
EndProject
Project("{FAE04EC0-301F-11D3-BF4B-00C04F79EFBC}") = "ComInterfaceManagerTest", "test\Modules\ComInterfaceManagerTest\ComInterfaceManagerTest.csproj", "{F07A273E-4831-43F7-A2A5-DC351542FD12}"
EndProject
Project("{FAE04EC0-301F-11D3-BF4B-00C04F79EFBC}") = "ConfigurationManagerTest", "test\Modules\ConfigurationManagerTest\ConfigurationManagerTest.csproj", "{C5D1EDE6-D327-4E4B-ADBB-D2FA186A014A}"
EndProject
Project("{FAE04EC0-301F-11D3-BF4B-00C04F79EFBC}") = "DataMaintainerTest", "test\Modules\DataMaintainerTest\DataMaintainerTest.csproj", "{82929D65-C29A-4678-A71E-7F263B3AE74E}"
EndProject
Project("{FAE04EC0-301F-11D3-BF4B-00C04F79EFBC}") = "EngineCoreTest", "test\Modules\EngineCoreTest\EngineCoreTest.csproj", "{B8D47F4E-4D46-4744-86A6-BCA79BC8AAA9}"
EndProject
Project("{FAE04EC0-301F-11D3-BF4B-00C04F79EFBC}") = "ParameterCheckerTest", "test\Modules\ParameterCheckerTest\ParameterCheckerTest.csproj", "{90F018E6-043D-4C95-A208-A85D67D9006B}"
EndProject
Project("{FAE04EC0-301F-11D3-BF4B-00C04F79EFBC}") = "ResultManagerTest", "test\Modules\ResultManagerTest\ResultManagerTest.csproj", "{791C4822-353B-429F-8533-F7DC2E545FB2}"
EndProject
Project("{FAE04EC0-301F-11D3-BF4B-00C04F79EFBC}") = "SequenceManagerTest", "test\Modules\SequenceManagerTest\SequenceManagerTest.csproj", "{CAC34484-78C3-4451-8BC0-1283CAF5FBF3}"
EndProject
Project("{2150E333-8FDC-42A3-9474-1A3956D46DE8}") = "Services", "Services", "{F966C156-8961-432E-82DD-FE4DCC193E45}"
EndProject
Project("{FAE04EC0-301F-11D3-BF4B-00C04F79EFBC}") = "DesigntimeServiceTest", "test\Services\DesigntimeServiceTest\DesigntimeServiceTest.csproj", "{8EB6A7B7-1B26-4474-80E3-4F46918BE9CB}"
EndProject
Project("{FAE04EC0-301F-11D3-BF4B-00C04F79EFBC}") = "RuntimeServiceTest", "test\Services\RuntimeServiceTest\RuntimeServiceTest.csproj", "{963E9DB0-2367-441E-8915-782F9E8C9050}"
EndProject
Project("{FAE04EC0-301F-11D3-BF4B-00C04F79EFBC}") = "TestflowLoaderTest", "test\TestflowLoaderTest\TestflowLoaderTest.csproj", "{733667BA-3610-41C6-BC39-BDB1DAC7F413}"
EndProject
Project("{2150E333-8FDC-42A3-9474-1A3956D46DE8}") = "Core", "Core", "{EEE2376E-0091-4A52-A018-A84F0620DA76}"
EndProject
Project("{FAE04EC0-301F-11D3-BF4B-00C04F79EFBC}") = "MasterCore", "src\Modules\Core\MasterCore\MasterCore.csproj", "{51C4FEB2-23F1-4617-B574-FC6D69A9D290}"
EndProject
Project("{FAE04EC0-301F-11D3-BF4B-00C04F79EFBC}") = "SlaveCore", "src\Modules\Core\SlaveCore\SlaveCore.csproj", "{858F9B24-13DC-4043-9E25-F14DD77564D1}"
EndProject
Project("{FAE04EC0-301F-11D3-BF4B-00C04F79EFBC}") = "CoreCommon", "src\Modules\Core\CoreCommon\CoreCommon.csproj", "{97802083-7497-483F-9E2B-7F05CDAA4124}"
EndProject
Project("{FAE04EC0-301F-11D3-BF4B-00C04F79EFBC}") = "EngineCoreTestLib", "test\Modules\EngineCoreTestLib\EngineCoreTestLib.csproj", "{26070F54-64B4-4F52-995D-7646F0520307}"
EndProject
Project("{FAE04EC0-301F-11D3-BF4B-00C04F79EFBC}") = "Authentication", "src\Dev\Authentification\Authentication.csproj", "{A3451458-F57D-441B-A45B-AC2AE315EE33}"
EndProject
Project("{FAE04EC0-301F-11D3-BF4B-00C04F79EFBC}") = "FunctionDefinitions", "src\Dev\FunctionDefinitions\FunctionDefinitions.csproj", "{91DBB2DE-CF8D-49A3-8984-D9FDBDF1E557}"
EndProject
Global
	GlobalSection(SolutionConfigurationPlatforms) = preSolution
		Debug|Any CPU = Debug|Any CPU
		Release|Any CPU = Release|Any CPU
	EndGlobalSection
	GlobalSection(ProjectConfigurationPlatforms) = postSolution
		{1681CDD7-0CC2-49D2-9E82-7B03B52DB283}.Debug|Any CPU.ActiveCfg = Debug|Any CPU
		{1681CDD7-0CC2-49D2-9E82-7B03B52DB283}.Debug|Any CPU.Build.0 = Debug|Any CPU
		{1681CDD7-0CC2-49D2-9E82-7B03B52DB283}.Release|Any CPU.ActiveCfg = Release|Any CPU
		{1681CDD7-0CC2-49D2-9E82-7B03B52DB283}.Release|Any CPU.Build.0 = Release|Any CPU
		{DC3CD3DE-1B8E-4847-B752-63352F35F1E2}.Debug|Any CPU.ActiveCfg = Debug|Any CPU
		{DC3CD3DE-1B8E-4847-B752-63352F35F1E2}.Debug|Any CPU.Build.0 = Debug|Any CPU
		{DC3CD3DE-1B8E-4847-B752-63352F35F1E2}.Release|Any CPU.ActiveCfg = Release|Any CPU
		{DC3CD3DE-1B8E-4847-B752-63352F35F1E2}.Release|Any CPU.Build.0 = Release|Any CPU
		{C286714C-DE6E-4643-9B56-245FB0F3A322}.Debug|Any CPU.ActiveCfg = Debug|Any CPU
		{C286714C-DE6E-4643-9B56-245FB0F3A322}.Debug|Any CPU.Build.0 = Debug|Any CPU
		{C286714C-DE6E-4643-9B56-245FB0F3A322}.Release|Any CPU.ActiveCfg = Release|Any CPU
		{C286714C-DE6E-4643-9B56-245FB0F3A322}.Release|Any CPU.Build.0 = Release|Any CPU
		{35105702-E8D2-4465-A118-687B6C85C466}.Debug|Any CPU.ActiveCfg = Debug|Any CPU
		{35105702-E8D2-4465-A118-687B6C85C466}.Debug|Any CPU.Build.0 = Debug|Any CPU
		{35105702-E8D2-4465-A118-687B6C85C466}.Release|Any CPU.ActiveCfg = Release|Any CPU
		{35105702-E8D2-4465-A118-687B6C85C466}.Release|Any CPU.Build.0 = Release|Any CPU
		{B06DD0CB-7EC4-4B09-8761-BB600B70C37C}.Debug|Any CPU.ActiveCfg = Debug|Any CPU
		{B06DD0CB-7EC4-4B09-8761-BB600B70C37C}.Debug|Any CPU.Build.0 = Debug|Any CPU
		{B06DD0CB-7EC4-4B09-8761-BB600B70C37C}.Release|Any CPU.ActiveCfg = Release|Any CPU
		{B06DD0CB-7EC4-4B09-8761-BB600B70C37C}.Release|Any CPU.Build.0 = Release|Any CPU
		{6C461D7E-7EA4-4BF2-9168-82180132A0C9}.Debug|Any CPU.ActiveCfg = Debug|Any CPU
		{6C461D7E-7EA4-4BF2-9168-82180132A0C9}.Debug|Any CPU.Build.0 = Debug|Any CPU
		{6C461D7E-7EA4-4BF2-9168-82180132A0C9}.Release|Any CPU.ActiveCfg = Release|Any CPU
		{6C461D7E-7EA4-4BF2-9168-82180132A0C9}.Release|Any CPU.Build.0 = Release|Any CPU
		{5B1A7351-8D30-49AA-8FAB-C8920A0CFDF4}.Debug|Any CPU.ActiveCfg = Debug|Any CPU
		{5B1A7351-8D30-49AA-8FAB-C8920A0CFDF4}.Debug|Any CPU.Build.0 = Debug|Any CPU
		{5B1A7351-8D30-49AA-8FAB-C8920A0CFDF4}.Release|Any CPU.ActiveCfg = Release|Any CPU
		{5B1A7351-8D30-49AA-8FAB-C8920A0CFDF4}.Release|Any CPU.Build.0 = Release|Any CPU
		{14D2A5CD-47DB-4BD8-B26A-712B6416119D}.Debug|Any CPU.ActiveCfg = Debug|Any CPU
		{14D2A5CD-47DB-4BD8-B26A-712B6416119D}.Debug|Any CPU.Build.0 = Debug|Any CPU
		{14D2A5CD-47DB-4BD8-B26A-712B6416119D}.Release|Any CPU.ActiveCfg = Release|Any CPU
		{14D2A5CD-47DB-4BD8-B26A-712B6416119D}.Release|Any CPU.Build.0 = Release|Any CPU
		{CF05B3CE-B2B5-4309-93F7-FA5E07327A25}.Debug|Any CPU.ActiveCfg = Debug|Any CPU
		{CF05B3CE-B2B5-4309-93F7-FA5E07327A25}.Debug|Any CPU.Build.0 = Debug|Any CPU
		{CF05B3CE-B2B5-4309-93F7-FA5E07327A25}.Release|Any CPU.ActiveCfg = Release|Any CPU
		{CF05B3CE-B2B5-4309-93F7-FA5E07327A25}.Release|Any CPU.Build.0 = Release|Any CPU
		{9E2E741A-AB7B-4CD5-8458-4CF1178E3D4C}.Debug|Any CPU.ActiveCfg = Debug|Any CPU
		{9E2E741A-AB7B-4CD5-8458-4CF1178E3D4C}.Debug|Any CPU.Build.0 = Debug|Any CPU
		{9E2E741A-AB7B-4CD5-8458-4CF1178E3D4C}.Release|Any CPU.ActiveCfg = Release|Any CPU
		{9E2E741A-AB7B-4CD5-8458-4CF1178E3D4C}.Release|Any CPU.Build.0 = Release|Any CPU
		{464A2F2C-4D55-4396-88BF-9FBA3DFFDD50}.Debug|Any CPU.ActiveCfg = Debug|Any CPU
		{464A2F2C-4D55-4396-88BF-9FBA3DFFDD50}.Debug|Any CPU.Build.0 = Debug|Any CPU
		{464A2F2C-4D55-4396-88BF-9FBA3DFFDD50}.Release|Any CPU.ActiveCfg = Release|Any CPU
		{464A2F2C-4D55-4396-88BF-9FBA3DFFDD50}.Release|Any CPU.Build.0 = Release|Any CPU
		{CBE61E80-89B1-4F10-B9E0-DC9936D0D5B1}.Debug|Any CPU.ActiveCfg = Debug|Any CPU
		{CBE61E80-89B1-4F10-B9E0-DC9936D0D5B1}.Debug|Any CPU.Build.0 = Debug|Any CPU
		{CBE61E80-89B1-4F10-B9E0-DC9936D0D5B1}.Release|Any CPU.ActiveCfg = Release|Any CPU
		{CBE61E80-89B1-4F10-B9E0-DC9936D0D5B1}.Release|Any CPU.Build.0 = Release|Any CPU
		{E5790E2F-EDE6-4B70-86C7-35A89DC9E41B}.Debug|Any CPU.ActiveCfg = Debug|Any CPU
		{E5790E2F-EDE6-4B70-86C7-35A89DC9E41B}.Debug|Any CPU.Build.0 = Debug|Any CPU
		{E5790E2F-EDE6-4B70-86C7-35A89DC9E41B}.Release|Any CPU.ActiveCfg = Release|Any CPU
		{E5790E2F-EDE6-4B70-86C7-35A89DC9E41B}.Release|Any CPU.Build.0 = Release|Any CPU
		{EED9D949-AAD6-42A6-BF18-3CC1004CA442}.Debug|Any CPU.ActiveCfg = Debug|Any CPU
		{EED9D949-AAD6-42A6-BF18-3CC1004CA442}.Debug|Any CPU.Build.0 = Debug|Any CPU
		{EED9D949-AAD6-42A6-BF18-3CC1004CA442}.Release|Any CPU.ActiveCfg = Release|Any CPU
		{EED9D949-AAD6-42A6-BF18-3CC1004CA442}.Release|Any CPU.Build.0 = Release|Any CPU
		{37A0901D-7AA4-462C-ADC8-137C90294A66}.Debug|Any CPU.ActiveCfg = Debug|Any CPU
		{37A0901D-7AA4-462C-ADC8-137C90294A66}.Debug|Any CPU.Build.0 = Debug|Any CPU
		{37A0901D-7AA4-462C-ADC8-137C90294A66}.Release|Any CPU.ActiveCfg = Release|Any CPU
		{37A0901D-7AA4-462C-ADC8-137C90294A66}.Release|Any CPU.Build.0 = Release|Any CPU
		{7B130C31-C263-44B2-940C-4B397DCC51E4}.Debug|Any CPU.ActiveCfg = Debug|Any CPU
		{7B130C31-C263-44B2-940C-4B397DCC51E4}.Debug|Any CPU.Build.0 = Debug|Any CPU
		{7B130C31-C263-44B2-940C-4B397DCC51E4}.Release|Any CPU.ActiveCfg = Release|Any CPU
		{7B130C31-C263-44B2-940C-4B397DCC51E4}.Release|Any CPU.Build.0 = Release|Any CPU
		{F07A273E-4831-43F7-A2A5-DC351542FD12}.Debug|Any CPU.ActiveCfg = Debug|Any CPU
		{F07A273E-4831-43F7-A2A5-DC351542FD12}.Debug|Any CPU.Build.0 = Debug|Any CPU
		{F07A273E-4831-43F7-A2A5-DC351542FD12}.Release|Any CPU.ActiveCfg = Release|Any CPU
		{F07A273E-4831-43F7-A2A5-DC351542FD12}.Release|Any CPU.Build.0 = Release|Any CPU
		{C5D1EDE6-D327-4E4B-ADBB-D2FA186A014A}.Debug|Any CPU.ActiveCfg = Debug|Any CPU
		{C5D1EDE6-D327-4E4B-ADBB-D2FA186A014A}.Debug|Any CPU.Build.0 = Debug|Any CPU
		{C5D1EDE6-D327-4E4B-ADBB-D2FA186A014A}.Release|Any CPU.ActiveCfg = Release|Any CPU
		{C5D1EDE6-D327-4E4B-ADBB-D2FA186A014A}.Release|Any CPU.Build.0 = Release|Any CPU
		{82929D65-C29A-4678-A71E-7F263B3AE74E}.Debug|Any CPU.ActiveCfg = Debug|Any CPU
		{82929D65-C29A-4678-A71E-7F263B3AE74E}.Debug|Any CPU.Build.0 = Debug|Any CPU
		{82929D65-C29A-4678-A71E-7F263B3AE74E}.Release|Any CPU.ActiveCfg = Release|Any CPU
		{82929D65-C29A-4678-A71E-7F263B3AE74E}.Release|Any CPU.Build.0 = Release|Any CPU
		{B8D47F4E-4D46-4744-86A6-BCA79BC8AAA9}.Debug|Any CPU.ActiveCfg = Debug|Any CPU
		{B8D47F4E-4D46-4744-86A6-BCA79BC8AAA9}.Debug|Any CPU.Build.0 = Debug|Any CPU
		{B8D47F4E-4D46-4744-86A6-BCA79BC8AAA9}.Release|Any CPU.ActiveCfg = Release|Any CPU
		{B8D47F4E-4D46-4744-86A6-BCA79BC8AAA9}.Release|Any CPU.Build.0 = Release|Any CPU
		{90F018E6-043D-4C95-A208-A85D67D9006B}.Debug|Any CPU.ActiveCfg = Debug|Any CPU
		{90F018E6-043D-4C95-A208-A85D67D9006B}.Debug|Any CPU.Build.0 = Debug|Any CPU
		{90F018E6-043D-4C95-A208-A85D67D9006B}.Release|Any CPU.ActiveCfg = Release|Any CPU
		{90F018E6-043D-4C95-A208-A85D67D9006B}.Release|Any CPU.Build.0 = Release|Any CPU
		{791C4822-353B-429F-8533-F7DC2E545FB2}.Debug|Any CPU.ActiveCfg = Debug|Any CPU
		{791C4822-353B-429F-8533-F7DC2E545FB2}.Debug|Any CPU.Build.0 = Debug|Any CPU
		{791C4822-353B-429F-8533-F7DC2E545FB2}.Release|Any CPU.ActiveCfg = Release|Any CPU
		{791C4822-353B-429F-8533-F7DC2E545FB2}.Release|Any CPU.Build.0 = Release|Any CPU
		{CAC34484-78C3-4451-8BC0-1283CAF5FBF3}.Debug|Any CPU.ActiveCfg = Debug|Any CPU
		{CAC34484-78C3-4451-8BC0-1283CAF5FBF3}.Debug|Any CPU.Build.0 = Debug|Any CPU
		{CAC34484-78C3-4451-8BC0-1283CAF5FBF3}.Release|Any CPU.ActiveCfg = Release|Any CPU
		{CAC34484-78C3-4451-8BC0-1283CAF5FBF3}.Release|Any CPU.Build.0 = Release|Any CPU
		{8EB6A7B7-1B26-4474-80E3-4F46918BE9CB}.Debug|Any CPU.ActiveCfg = Debug|Any CPU
		{8EB6A7B7-1B26-4474-80E3-4F46918BE9CB}.Debug|Any CPU.Build.0 = Debug|Any CPU
		{8EB6A7B7-1B26-4474-80E3-4F46918BE9CB}.Release|Any CPU.ActiveCfg = Release|Any CPU
		{8EB6A7B7-1B26-4474-80E3-4F46918BE9CB}.Release|Any CPU.Build.0 = Release|Any CPU
		{963E9DB0-2367-441E-8915-782F9E8C9050}.Debug|Any CPU.ActiveCfg = Debug|Any CPU
		{963E9DB0-2367-441E-8915-782F9E8C9050}.Debug|Any CPU.Build.0 = Debug|Any CPU
		{963E9DB0-2367-441E-8915-782F9E8C9050}.Release|Any CPU.ActiveCfg = Release|Any CPU
		{963E9DB0-2367-441E-8915-782F9E8C9050}.Release|Any CPU.Build.0 = Release|Any CPU
		{733667BA-3610-41C6-BC39-BDB1DAC7F413}.Debug|Any CPU.ActiveCfg = Debug|Any CPU
		{733667BA-3610-41C6-BC39-BDB1DAC7F413}.Debug|Any CPU.Build.0 = Debug|Any CPU
		{733667BA-3610-41C6-BC39-BDB1DAC7F413}.Release|Any CPU.ActiveCfg = Release|Any CPU
		{733667BA-3610-41C6-BC39-BDB1DAC7F413}.Release|Any CPU.Build.0 = Release|Any CPU
		{51C4FEB2-23F1-4617-B574-FC6D69A9D290}.Debug|Any CPU.ActiveCfg = Debug|Any CPU
		{51C4FEB2-23F1-4617-B574-FC6D69A9D290}.Debug|Any CPU.Build.0 = Debug|Any CPU
		{51C4FEB2-23F1-4617-B574-FC6D69A9D290}.Release|Any CPU.ActiveCfg = Release|Any CPU
		{51C4FEB2-23F1-4617-B574-FC6D69A9D290}.Release|Any CPU.Build.0 = Release|Any CPU
		{858F9B24-13DC-4043-9E25-F14DD77564D1}.Debug|Any CPU.ActiveCfg = Debug|Any CPU
		{858F9B24-13DC-4043-9E25-F14DD77564D1}.Debug|Any CPU.Build.0 = Debug|Any CPU
		{858F9B24-13DC-4043-9E25-F14DD77564D1}.Release|Any CPU.ActiveCfg = Release|Any CPU
		{858F9B24-13DC-4043-9E25-F14DD77564D1}.Release|Any CPU.Build.0 = Release|Any CPU
		{97802083-7497-483F-9E2B-7F05CDAA4124}.Debug|Any CPU.ActiveCfg = Debug|Any CPU
		{97802083-7497-483F-9E2B-7F05CDAA4124}.Debug|Any CPU.Build.0 = Debug|Any CPU
		{97802083-7497-483F-9E2B-7F05CDAA4124}.Release|Any CPU.ActiveCfg = Release|Any CPU
		{97802083-7497-483F-9E2B-7F05CDAA4124}.Release|Any CPU.Build.0 = Release|Any CPU
		{26070F54-64B4-4F52-995D-7646F0520307}.Debug|Any CPU.ActiveCfg = Debug|Any CPU
		{26070F54-64B4-4F52-995D-7646F0520307}.Debug|Any CPU.Build.0 = Debug|Any CPU
		{26070F54-64B4-4F52-995D-7646F0520307}.Release|Any CPU.ActiveCfg = Release|Any CPU
		{26070F54-64B4-4F52-995D-7646F0520307}.Release|Any CPU.Build.0 = Release|Any CPU
		{A3451458-F57D-441B-A45B-AC2AE315EE33}.Debug|Any CPU.ActiveCfg = Debug|Any CPU
		{A3451458-F57D-441B-A45B-AC2AE315EE33}.Debug|Any CPU.Build.0 = Debug|Any CPU
		{A3451458-F57D-441B-A45B-AC2AE315EE33}.Release|Any CPU.ActiveCfg = Release|Any CPU
		{A3451458-F57D-441B-A45B-AC2AE315EE33}.Release|Any CPU.Build.0 = Release|Any CPU
		{91DBB2DE-CF8D-49A3-8984-D9FDBDF1E557}.Debug|Any CPU.ActiveCfg = Debug|Any CPU
		{91DBB2DE-CF8D-49A3-8984-D9FDBDF1E557}.Debug|Any CPU.Build.0 = Debug|Any CPU
		{91DBB2DE-CF8D-49A3-8984-D9FDBDF1E557}.Release|Any CPU.ActiveCfg = Release|Any CPU
		{91DBB2DE-CF8D-49A3-8984-D9FDBDF1E557}.Release|Any CPU.Build.0 = Release|Any CPU
	EndGlobalSection
	GlobalSection(SolutionProperties) = preSolution
		HideSolutionNode = FALSE
	EndGlobalSection
	GlobalSection(NestedProjects) = preSolution
		{09F2429C-8A86-49BA-8229-71B8F63A10C0} = {F6DA2263-AA6B-425E-8EE8-57927F36CCA5}
		{F3BC7E81-DCA6-4751-B80D-E538C3524573} = {F6DA2263-AA6B-425E-8EE8-57927F36CCA5}
		{040DD94F-D203-46A8-B4B9-C1B7566216E8} = {F6DA2263-AA6B-425E-8EE8-57927F36CCA5}
		{1681CDD7-0CC2-49D2-9E82-7B03B52DB283} = {F3BC7E81-DCA6-4751-B80D-E538C3524573}
		{DC3CD3DE-1B8E-4847-B752-63352F35F1E2} = {F3BC7E81-DCA6-4751-B80D-E538C3524573}
		{C286714C-DE6E-4643-9B56-245FB0F3A322} = {F3BC7E81-DCA6-4751-B80D-E538C3524573}
		{35105702-E8D2-4465-A118-687B6C85C466} = {F3BC7E81-DCA6-4751-B80D-E538C3524573}
		{04AEFFF7-6525-4904-A0D5-8EFB09995CDD} = {AA67EC51-E2E3-49A5-9DC3-C1EFC2EAB0E3}
		{B06DD0CB-7EC4-4B09-8761-BB600B70C37C} = {04AEFFF7-6525-4904-A0D5-8EFB09995CDD}
		{6C461D7E-7EA4-4BF2-9168-82180132A0C9} = {040DD94F-D203-46A8-B4B9-C1B7566216E8}
		{5B1A7351-8D30-49AA-8FAB-C8920A0CFDF4} = {040DD94F-D203-46A8-B4B9-C1B7566216E8}
		{14D2A5CD-47DB-4BD8-B26A-712B6416119D} = {040DD94F-D203-46A8-B4B9-C1B7566216E8}
		{CF05B3CE-B2B5-4309-93F7-FA5E07327A25} = {040DD94F-D203-46A8-B4B9-C1B7566216E8}
		{9E2E741A-AB7B-4CD5-8458-4CF1178E3D4C} = {040DD94F-D203-46A8-B4B9-C1B7566216E8}
		{464A2F2C-4D55-4396-88BF-9FBA3DFFDD50} = {040DD94F-D203-46A8-B4B9-C1B7566216E8}
		{CBE61E80-89B1-4F10-B9E0-DC9936D0D5B1} = {09F2429C-8A86-49BA-8229-71B8F63A10C0}
		{E5790E2F-EDE6-4B70-86C7-35A89DC9E41B} = {09F2429C-8A86-49BA-8229-71B8F63A10C0}
		{EED9D949-AAD6-42A6-BF18-3CC1004CA442} = {F6DA2263-AA6B-425E-8EE8-57927F36CCA5}
		{37A0901D-7AA4-462C-ADC8-137C90294A66} = {04AEFFF7-6525-4904-A0D5-8EFB09995CDD}
		{C102BAFB-95F5-4460-89B5-088FCB9728CC} = {AA67EC51-E2E3-49A5-9DC3-C1EFC2EAB0E3}
		{7B130C31-C263-44B2-940C-4B397DCC51E4} = {04AEFFF7-6525-4904-A0D5-8EFB09995CDD}
		{F07A273E-4831-43F7-A2A5-DC351542FD12} = {C102BAFB-95F5-4460-89B5-088FCB9728CC}
		{C5D1EDE6-D327-4E4B-ADBB-D2FA186A014A} = {C102BAFB-95F5-4460-89B5-088FCB9728CC}
		{82929D65-C29A-4678-A71E-7F263B3AE74E} = {C102BAFB-95F5-4460-89B5-088FCB9728CC}
		{B8D47F4E-4D46-4744-86A6-BCA79BC8AAA9} = {C102BAFB-95F5-4460-89B5-088FCB9728CC}
		{90F018E6-043D-4C95-A208-A85D67D9006B} = {C102BAFB-95F5-4460-89B5-088FCB9728CC}
		{791C4822-353B-429F-8533-F7DC2E545FB2} = {C102BAFB-95F5-4460-89B5-088FCB9728CC}
		{CAC34484-78C3-4451-8BC0-1283CAF5FBF3} = {C102BAFB-95F5-4460-89B5-088FCB9728CC}
		{F966C156-8961-432E-82DD-FE4DCC193E45} = {AA67EC51-E2E3-49A5-9DC3-C1EFC2EAB0E3}
		{8EB6A7B7-1B26-4474-80E3-4F46918BE9CB} = {F966C156-8961-432E-82DD-FE4DCC193E45}
		{963E9DB0-2367-441E-8915-782F9E8C9050} = {F966C156-8961-432E-82DD-FE4DCC193E45}
		{733667BA-3610-41C6-BC39-BDB1DAC7F413} = {AA67EC51-E2E3-49A5-9DC3-C1EFC2EAB0E3}
		{EEE2376E-0091-4A52-A018-A84F0620DA76} = {040DD94F-D203-46A8-B4B9-C1B7566216E8}
		{51C4FEB2-23F1-4617-B574-FC6D69A9D290} = {EEE2376E-0091-4A52-A018-A84F0620DA76}
		{858F9B24-13DC-4043-9E25-F14DD77564D1} = {EEE2376E-0091-4A52-A018-A84F0620DA76}
		{97802083-7497-483F-9E2B-7F05CDAA4124} = {EEE2376E-0091-4A52-A018-A84F0620DA76}
		{26070F54-64B4-4F52-995D-7646F0520307} = {C102BAFB-95F5-4460-89B5-088FCB9728CC}
		{A3451458-F57D-441B-A45B-AC2AE315EE33} = {F3BC7E81-DCA6-4751-B80D-E538C3524573}
		{91DBB2DE-CF8D-49A3-8984-D9FDBDF1E557} = {F3BC7E81-DCA6-4751-B80D-E538C3524573}
	EndGlobalSection
EndGlobal
